
Microsoft Visual Studio Solution File, Format Version 12.00
# Visual Studio Version 17
VisualStudioVersion = 17.8.34330.188
MinimumVisualStudioVersion = 10.0.40219.1
Project("{9A19103F-16F7-4668-BE54-9A1E7A4F7556}") = "LovethornLabyrinth", "..\MainApp\LovethornLabyrinth.csproj", "{2CEBC3AB-3A36-46EF-BC1E-6083D73DD065}"
EndProject
Project("{9A19103F-16F7-4668-BE54-9A1E7A4F7556}") = "EventSystem", "EventSystem\EventSystem.csproj", "{AD1B261A-A9E7-476A-8000-E657063806FA}"
EndProject
Project("{9A19103F-16F7-4668-BE54-9A1E7A4F7556}") = "LabyrinthLibrary", "LabyrinthLibrary\LabyrinthLibrary.csproj", "{C696D5AC-1484-445D-89E3-A25BFC2F74C8}"
EndProject
Project("{9A19103F-16F7-4668-BE54-9A1E7A4F7556}") = "ConsoleLibrary", "ConsoleLibrary\ConsoleLibrary.csproj", "{501939A1-1A8D-422F-A8BD-E45D51B6E2F1}"
EndProject
Project("{9A19103F-16F7-4668-BE54-9A1E7A4F7556}") = "NetworkingLibrary", "NetworkingLibrary\NetworkingLibrary.csproj", "{ECB1FF71-93E9-4FEB-8270-0E5335E7E80A}"
EndProject
Global
	GlobalSection(SolutionConfigurationPlatforms) = preSolution
		Debug|Any CPU = Debug|Any CPU
		Debug|x64 = Debug|x64
		Debug|x86 = Debug|x86
		Release|Any CPU = Release|Any CPU
		Release|x64 = Release|x64
		Release|x86 = Release|x86
	EndGlobalSection
	GlobalSection(ProjectConfigurationPlatforms) = postSolution
		{2CEBC3AB-3A36-46EF-BC1E-6083D73DD065}.Debug|Any CPU.ActiveCfg = Debug|Any CPU
		{2CEBC3AB-3A36-46EF-BC1E-6083D73DD065}.Debug|Any CPU.Build.0 = Debug|Any CPU
		{2CEBC3AB-3A36-46EF-BC1E-6083D73DD065}.Debug|x64.ActiveCfg = Debug|Any CPU
		{2CEBC3AB-3A36-46EF-BC1E-6083D73DD065}.Debug|x64.Build.0 = Debug|Any CPU
		{2CEBC3AB-3A36-46EF-BC1E-6083D73DD065}.Debug|x86.ActiveCfg = Debug|Any CPU
		{2CEBC3AB-3A36-46EF-BC1E-6083D73DD065}.Debug|x86.Build.0 = Debug|Any CPU
		{2CEBC3AB-3A36-46EF-BC1E-6083D73DD065}.Release|Any CPU.ActiveCfg = Release|Any CPU
		{2CEBC3AB-3A36-46EF-BC1E-6083D73DD065}.Release|Any CPU.Build.0 = Release|Any CPU
		{2CEBC3AB-3A36-46EF-BC1E-6083D73DD065}.Release|x64.ActiveCfg = Release|Any CPU
		{2CEBC3AB-3A36-46EF-BC1E-6083D73DD065}.Release|x64.Build.0 = Release|Any CPU
		{2CEBC3AB-3A36-46EF-BC1E-6083D73DD065}.Release|x86.ActiveCfg = Release|Any CPU
		{2CEBC3AB-3A36-46EF-BC1E-6083D73DD065}.Release|x86.Build.0 = Release|Any CPU
		{AD1B261A-A9E7-476A-8000-E657063806FA}.Debug|Any CPU.ActiveCfg = Debug|Any CPU
		{AD1B261A-A9E7-476A-8000-E657063806FA}.Debug|Any CPU.Build.0 = Debug|Any CPU
		{AD1B261A-A9E7-476A-8000-E657063806FA}.Debug|x64.ActiveCfg = Debug|Any CPU
		{AD1B261A-A9E7-476A-8000-E657063806FA}.Debug|x64.Build.0 = Debug|Any CPU
		{AD1B261A-A9E7-476A-8000-E657063806FA}.Debug|x86.ActiveCfg = Debug|Any CPU
		{AD1B261A-A9E7-476A-8000-E657063806FA}.Debug|x86.Build.0 = Debug|Any CPU
		{AD1B261A-A9E7-476A-8000-E657063806FA}.Release|Any CPU.ActiveCfg = Release|Any CPU
		{AD1B261A-A9E7-476A-8000-E657063806FA}.Release|Any CPU.Build.0 = Release|Any CPU
		{AD1B261A-A9E7-476A-8000-E657063806FA}.Release|x64.ActiveCfg = Release|Any CPU
		{AD1B261A-A9E7-476A-8000-E657063806FA}.Release|x64.Build.0 = Release|Any CPU
		{AD1B261A-A9E7-476A-8000-E657063806FA}.Release|x86.ActiveCfg = Release|Any CPU
		{AD1B261A-A9E7-476A-8000-E657063806FA}.Release|x86.Build.0 = Release|Any CPU
		{C696D5AC-1484-445D-89E3-A25BFC2F74C8}.Debug|Any CPU.ActiveCfg = Debug|Any CPU
		{C696D5AC-1484-445D-89E3-A25BFC2F74C8}.Debug|Any CPU.Build.0 = Debug|Any CPU
		{C696D5AC-1484-445D-89E3-A25BFC2F74C8}.Debug|x64.ActiveCfg = Debug|Any CPU
		{C696D5AC-1484-445D-89E3-A25BFC2F74C8}.Debug|x64.Build.0 = Debug|Any CPU
		{C696D5AC-1484-445D-89E3-A25BFC2F74C8}.Debug|x86.ActiveCfg = Debug|Any CPU
		{C696D5AC-1484-445D-89E3-A25BFC2F74C8}.Debug|x86.Build.0 = Debug|Any CPU
		{C696D5AC-1484-445D-89E3-A25BFC2F74C8}.Release|Any CPU.ActiveCfg = Release|Any CPU
		{C696D5AC-1484-445D-89E3-A25BFC2F74C8}.Release|Any CPU.Build.0 = Release|Any CPU
		{C696D5AC-1484-445D-89E3-A25BFC2F74C8}.Release|x64.ActiveCfg = Release|Any CPU
		{C696D5AC-1484-445D-89E3-A25BFC2F74C8}.Release|x64.Build.0 = Release|Any CPU
		{C696D5AC-1484-445D-89E3-A25BFC2F74C8}.Release|x86.ActiveCfg = Release|Any CPU
		{C696D5AC-1484-445D-89E3-A25BFC2F74C8}.Release|x86.Build.0 = Release|Any CPU
		{501939A1-1A8D-422F-A8BD-E45D51B6E2F1}.Debug|Any CPU.ActiveCfg = Debug|Any CPU
		{501939A1-1A8D-422F-A8BD-E45D51B6E2F1}.Debug|Any CPU.Build.0 = Debug|Any CPU
		{501939A1-1A8D-422F-A8BD-E45D51B6E2F1}.Debug|x64.ActiveCfg = Debug|Any CPU
		{501939A1-1A8D-422F-A8BD-E45D51B6E2F1}.Debug|x64.Build.0 = Debug|Any CPU
		{501939A1-1A8D-422F-A8BD-E45D51B6E2F1}.Debug|x86.ActiveCfg = Debug|Any CPU
		{501939A1-1A8D-422F-A8BD-E45D51B6E2F1}.Debug|x86.Build.0 = Debug|Any CPU
		{501939A1-1A8D-422F-A8BD-E45D51B6E2F1}.Release|Any CPU.ActiveCfg = Release|Any CPU
		{501939A1-1A8D-422F-A8BD-E45D51B6E2F1}.Release|Any CPU.Build.0 = Release|Any CPU
		{501939A1-1A8D-422F-A8BD-E45D51B6E2F1}.Release|x64.ActiveCfg = Release|Any CPU
		{501939A1-1A8D-422F-A8BD-E45D51B6E2F1}.Release|x64.Build.0 = Release|Any CPU
		{501939A1-1A8D-422F-A8BD-E45D51B6E2F1}.Release|x86.ActiveCfg = Release|Any CPU
		{501939A1-1A8D-422F-A8BD-E45D51B6E2F1}.Release|x86.Build.0 = Release|Any CPU
		{ECB1FF71-93E9-4FEB-8270-0E5335E7E80A}.Debug|Any CPU.ActiveCfg = Debug|Any CPU
		{ECB1FF71-93E9-4FEB-8270-0E5335E7E80A}.Debug|Any CPU.Build.0 = Debug|Any CPU
		{ECB1FF71-93E9-4FEB-8270-0E5335E7E80A}.Debug|x64.ActiveCfg = Debug|Any CPU
		{ECB1FF71-93E9-4FEB-8270-0E5335E7E80A}.Debug|x64.Build.0 = Debug|Any CPU
		{ECB1FF71-93E9-4FEB-8270-0E5335E7E80A}.Debug|x86.ActiveCfg = Debug|Any CPU
		{ECB1FF71-93E9-4FEB-8270-0E5335E7E80A}.Debug|x86.Build.0 = Debug|Any CPU
		{ECB1FF71-93E9-4FEB-8270-0E5335E7E80A}.Release|Any CPU.ActiveCfg = Release|Any CPU
		{ECB1FF71-93E9-4FEB-8270-0E5335E7E80A}.Release|Any CPU.Build.0 = Release|Any CPU
		{ECB1FF71-93E9-4FEB-8270-0E5335E7E80A}.Release|x64.ActiveCfg = Release|Any CPU
		{ECB1FF71-93E9-4FEB-8270-0E5335E7E80A}.Release|x64.Build.0 = Release|Any CPU
		{ECB1FF71-93E9-4FEB-8270-0E5335E7E80A}.Release|x86.ActiveCfg = Release|Any CPU
		{ECB1FF71-93E9-4FEB-8270-0E5335E7E80A}.Release|x86.Build.0 = Release|Any CPU
	EndGlobalSection
	GlobalSection(SolutionProperties) = preSolution
		HideSolutionNode = FALSE
	EndGlobalSection
	GlobalSection(ExtensibilityGlobals) = postSolution
		SolutionGuid = {3BC21E23-7F73-4869-9494-CE38DBB33B4D}
	EndGlobalSection
EndGlobal
